
Microsoft Visual Studio Solution File, Format Version 12.00
# Visual Studio Version 17
VisualStudioVersion = 17.0.31611.283
MinimumVisualStudioVersion = 10.0.40219.1
Project("{9A19103F-16F7-4668-BE54-9A1E7A4F7556}") = "Oiski.School.THOP.App", "Oiski.School.THOP.App\Oiski.School.THOP.App.csproj", "{34448D6A-8F3D-43E1-9D23-C25F678EAA32}"
EndProject
Project("{9A19103F-16F7-4668-BE54-9A1E7A4F7556}") = "Oiski.School.THOP.Api", "Oiski.School.THOP.Api\Oiski.School.THOP.Api.csproj", "{6CA9A15D-B9DE-4EEB-8A7F-FE57E9118E8A}"
EndProject
Project("{9A19103F-16F7-4668-BE54-9A1E7A4F7556}") = "Oiski.School.THOP.Services", "Oiski.School.THOP.Services\Oiski.School.THOP.Services.csproj", "{7541B220-B853-414C-AAC2-395A822E85B7}"
EndProject
Project("{FAE04EC0-301F-11D3-BF4B-00C04F79EFBC}") = "Oiski.School.THOP.Web", "Oiski.School.THOP.Web\Oiski.School.THOP.Web.csproj", "{1208F66D-C4DA-4169-A221-B01018BAFAC8}"
EndProject
Global
	GlobalSection(SolutionConfigurationPlatforms) = preSolution
		Debug|Any CPU = Debug|Any CPU
		Release|Any CPU = Release|Any CPU
	EndGlobalSection
	GlobalSection(ProjectConfigurationPlatforms) = postSolution
		{34448D6A-8F3D-43E1-9D23-C25F678EAA32}.Debug|Any CPU.ActiveCfg = Debug|Any CPU
		{34448D6A-8F3D-43E1-9D23-C25F678EAA32}.Debug|Any CPU.Build.0 = Debug|Any CPU
		{34448D6A-8F3D-43E1-9D23-C25F678EAA32}.Debug|Any CPU.Deploy.0 = Debug|Any CPU
		{34448D6A-8F3D-43E1-9D23-C25F678EAA32}.Release|Any CPU.ActiveCfg = Release|Any CPU
		{34448D6A-8F3D-43E1-9D23-C25F678EAA32}.Release|Any CPU.Build.0 = Release|Any CPU
		{34448D6A-8F3D-43E1-9D23-C25F678EAA32}.Release|Any CPU.Deploy.0 = Release|Any CPU
		{6CA9A15D-B9DE-4EEB-8A7F-FE57E9118E8A}.Debug|Any CPU.ActiveCfg = Debug|Any CPU
		{6CA9A15D-B9DE-4EEB-8A7F-FE57E9118E8A}.Debug|Any CPU.Build.0 = Debug|Any CPU
		{6CA9A15D-B9DE-4EEB-8A7F-FE57E9118E8A}.Release|Any CPU.ActiveCfg = Release|Any CPU
		{6CA9A15D-B9DE-4EEB-8A7F-FE57E9118E8A}.Release|Any CPU.Build.0 = Release|Any CPU
		{7541B220-B853-414C-AAC2-395A822E85B7}.Debug|Any CPU.ActiveCfg = Debug|Any CPU
		{7541B220-B853-414C-AAC2-395A822E85B7}.Debug|Any CPU.Build.0 = Debug|Any CPU
		{7541B220-B853-414C-AAC2-395A822E85B7}.Release|Any CPU.ActiveCfg = Release|Any CPU
		{7541B220-B853-414C-AAC2-395A822E85B7}.Release|Any CPU.Build.0 = Release|Any CPU
		{1208F66D-C4DA-4169-A221-B01018BAFAC8}.Debug|Any CPU.ActiveCfg = Debug|Any CPU
		{1208F66D-C4DA-4169-A221-B01018BAFAC8}.Debug|Any CPU.Build.0 = Debug|Any CPU
		{1208F66D-C4DA-4169-A221-B01018BAFAC8}.Release|Any CPU.ActiveCfg = Release|Any CPU
		{1208F66D-C4DA-4169-A221-B01018BAFAC8}.Release|Any CPU.Build.0 = Release|Any CPU
	EndGlobalSection
	GlobalSection(SolutionProperties) = preSolution
		HideSolutionNode = FALSE
	EndGlobalSection
	GlobalSection(ExtensibilityGlobals) = postSolution
		SolutionGuid = {61F7FB11-1E47-470C-91E2-47F8143E1572}
	EndGlobalSection
EndGlobal
